{
  "name": "js",
  "lockfileVersion": 3,
  "requires": true,
  "packages": {
    "": {
      "devDependencies": {
        "clingo-wasm": "0.3.2"
      }
    },
    "node_modules/@types/emscripten": {
      "version": "1.41.5",
      "resolved": "https://registry.npmjs.org/@types/emscripten/-/emscripten-1.41.5.tgz",
      "integrity": "sha512-cMQm7pxu6BxtHyqJ7mQZ2kXWV5SLmugybFdHCBbJ5eHzOo6VhBckEgAT3//rP5FwPHNPeEiq4SmQ5ucBwsOo4Q==",
      "dev": true,
      "license": "MIT"
    },
    "node_modules/clingo-wasm": {
      "version": "0.3.2",
      "resolved": "https://registry.npmjs.org/clingo-wasm/-/clingo-wasm-0.3.2.tgz",
      "integrity": "sha512-0ZdaGgekZaO8hLF3PE0fcs4FjR+GAdVeMTTzVgm8L1OuCl4A8+/H1V8urBMJYlV6+HH+gAweDxFq1MVgM4lDKQ==",
      "dev": true,
      "license": "Apache-2.0",
      "dependencies": {
        "@types/emscripten": "^1.40.0"
      }
    }
  }
}
