{
  "name": "js",
  "lockfileVersion": 3,
  "requires": true,
  "packages": {
    "": {
      "devDependencies": {
        "clingo-wasm": "0.6.0"
      }
    },
    "node_modules/clingo-wasm": {
      "version": "0.6.0",
      "resolved": "https://registry.npmjs.org/clingo-wasm/-/clingo-wasm-0.6.0.tgz",
      "integrity": "sha512-W9SeUtT726D/LMA/qwhsU/H0/f27QX7lTcUqGMgA8MSRZZYx97Y/B4D20ZS2wfgHwgvZPE8nbPgI0W8PEM6toQ==",
      "dev": true,
      "license": "Apache-2.0",
      "engines": {
        "node": ">=22"
      }
    }
  }
}
